
Microsoft Visual Studio Solution File, Format Version 12.00
# Visual Studio Version 17
VisualStudioVersion = 17.1.32210.238
MinimumVisualStudioVersion = 10.0.40219.1
Project("{9A19103F-16F7-4668-BE54-9A1E7A4F7556}") = "Test", "Test\Test.csproj", "{F0947E6A-3BF4-47E7-BCBD-E0CF2A56C901}"
EndProject
Project("{9A19103F-16F7-4668-BE54-9A1E7A4F7556}") = "PassHolder", "PassHolder\PassHolder.csproj", "{34F6E228-5E54-4C29-93E3-FA86D6C85BD7}"
EndProject
Project("{FAE04EC0-301F-11D3-BF4B-00C04F79EFBC}") = "Sandbox", "Sandbox\Sandbox.csproj", "{926B5587-7923-484E-AA26-5FCED514685D}"
EndProject
Global
	GlobalSection(SolutionConfigurationPlatforms) = preSolution
		Debug|Any CPU = Debug|Any CPU
		Release|Any CPU = Release|Any CPU
	EndGlobalSection
	GlobalSection(ProjectConfigurationPlatforms) = postSolution
		{F0947E6A-3BF4-47E7-BCBD-E0CF2A56C901}.Debug|Any CPU.ActiveCfg = Debug|Any CPU
		{F0947E6A-3BF4-47E7-BCBD-E0CF2A56C901}.Debug|Any CPU.Build.0 = Debug|Any CPU
		{F0947E6A-3BF4-47E7-BCBD-E0CF2A56C901}.Release|Any CPU.ActiveCfg = Release|Any CPU
		{F0947E6A-3BF4-47E7-BCBD-E0CF2A56C901}.Release|Any CPU.Build.0 = Release|Any CPU
		{34F6E228-5E54-4C29-93E3-FA86D6C85BD7}.Debug|Any CPU.ActiveCfg = Debug|Any CPU
		{34F6E228-5E54-4C29-93E3-FA86D6C85BD7}.Debug|Any CPU.Build.0 = Debug|Any CPU
		{34F6E228-5E54-4C29-93E3-FA86D6C85BD7}.Release|Any CPU.ActiveCfg = Release|Any CPU
		{34F6E228-5E54-4C29-93E3-FA86D6C85BD7}.Release|Any CPU.Build.0 = Release|Any CPU
		{926B5587-7923-484E-AA26-5FCED514685D}.Debug|Any CPU.ActiveCfg = Debug|Any CPU
		{926B5587-7923-484E-AA26-5FCED514685D}.Debug|Any CPU.Build.0 = Debug|Any CPU
		{926B5587-7923-484E-AA26-5FCED514685D}.Release|Any CPU.ActiveCfg = Release|Any CPU
		{926B5587-7923-484E-AA26-5FCED514685D}.Release|Any CPU.Build.0 = Release|Any CPU
	EndGlobalSection
	GlobalSection(SolutionProperties) = preSolution
		HideSolutionNode = FALSE
	EndGlobalSection
	GlobalSection(ExtensibilityGlobals) = postSolution
		SolutionGuid = {7C602F60-AF3B-4D09-886B-CFEBE779CD47}
	EndGlobalSection
EndGlobal
